
Microsoft Visual Studio Solution File, Format Version 12.00
# Visual Studio Version 17
VisualStudioVersion = 17.13.35825.156
MinimumVisualStudioVersion = 10.0.40219.1
Project("{8BC9CEB8-8B4A-11D0-8D11-00A0C91BC942}") = "01_Intro", "01_Intro\01_Intro.vcxproj", "{EF3610A0-1684-4356-BD2C-87E8CCDA32E8}"
EndProject
Project("{8BC9CEB8-8B4A-11D0-8D11-00A0C91BC942}") = "02_operators_cin", "02_operators_cin\02_operators_cin.vcxproj", "{F174816E-BE0E-49D5-B248-0DF2896DEF4B}"
EndProject
Project("{8BC9CEB8-8B4A-11D0-8D11-00A0C91BC942}") = "03_condition", "03_condition\03_condition.vcxproj", "{0295361E-15AA-4454-BC4D-0D7D7EE8A735}"
EndProject
Project("{8BC9CEB8-8B4A-11D0-8D11-00A0C91BC942}") = "04_cycles", "04_cycles\04_cycles.vcxproj", "{74F131F6-9547-46BC-A78C-B4D35C603A0A}"
EndProject
Project("{8BC9CEB8-8B4A-11D0-8D11-00A0C91BC942}") = "05_Array one dim", "05_Array one dim\05_Array one dim.vcxproj", "{DC77DA2B-6547-48FB-958E-CD50792E4803}"
EndProject
Project("{8BC9CEB8-8B4A-11D0-8D11-00A0C91BC942}") = "02_operators_helper", "02_operators_helper\02_operators_helper.vcxproj", "{124DEB1E-DEDB-46CC-A496-A65534B84A48}"
EndProject
Project("{8BC9CEB8-8B4A-11D0-8D11-00A0C91BC942}") = "06_Array_sorted", "06_Array_sorted\06_Array_sorted.vcxproj", "{F86A6FCE-4BCE-416A-8C7F-7133B493083C}"
EndProject
Project("{8BC9CEB8-8B4A-11D0-8D11-00A0C91BC942}") = "07_Array_mult", "07_Array_mult\07_Array_mult.vcxproj", "{8D8A28FD-ED1B-4BDB-AF4F-ED2DD2D36FE8}"
EndProject
Project("{8BC9CEB8-8B4A-11D0-8D11-00A0C91BC942}") = "07_06_Array_helper", "07_06_Array_helper\07_06_Array_helper.vcxproj", "{ED8205A5-4C4E-4FD5-912F-CA271A5DAB24}"
EndProject
Project("{8BC9CEB8-8B4A-11D0-8D11-00A0C91BC942}") = "08_Function", "08_Function\08_Function.vcxproj", "{B0D08A79-9FE7-42CC-AF13-D78D1F1D5DE0}"
EndProject
Project("{8BC9CEB8-8B4A-11D0-8D11-00A0C91BC942}") = "09_template_function and overide", "09_template_function and overide\09_template_function and overide.vcxproj", "{35F57C28-0909-431F-B2F1-8D940092801C}"
EndProject
Project("{8BC9CEB8-8B4A-11D0-8D11-00A0C91BC942}") = "10_Recursive function", "10_Recursive function\10_Recursive function.vcxproj", "{F41AE607-E62A-4818-89FA-1B7B2D7995C7}"
EndProject
Global
	GlobalSection(SolutionConfigurationPlatforms) = preSolution
		Debug|x64 = Debug|x64
		Debug|x86 = Debug|x86
		Release|x64 = Release|x64
		Release|x86 = Release|x86
	EndGlobalSection
	GlobalSection(ProjectConfigurationPlatforms) = postSolution
		{EF3610A0-1684-4356-BD2C-87E8CCDA32E8}.Debug|x64.ActiveCfg = Debug|x64
		{EF3610A0-1684-4356-BD2C-87E8CCDA32E8}.Debug|x64.Build.0 = Debug|x64
		{EF3610A0-1684-4356-BD2C-87E8CCDA32E8}.Debug|x86.ActiveCfg = Debug|Win32
		{EF3610A0-1684-4356-BD2C-87E8CCDA32E8}.Debug|x86.Build.0 = Debug|Win32
		{EF3610A0-1684-4356-BD2C-87E8CCDA32E8}.Release|x64.ActiveCfg = Release|x64
		{EF3610A0-1684-4356-BD2C-87E8CCDA32E8}.Release|x64.Build.0 = Release|x64
		{EF3610A0-1684-4356-BD2C-87E8CCDA32E8}.Release|x86.ActiveCfg = Release|Win32
		{EF3610A0-1684-4356-BD2C-87E8CCDA32E8}.Release|x86.Build.0 = Release|Win32
		{F174816E-BE0E-49D5-B248-0DF2896DEF4B}.Debug|x64.ActiveCfg = Debug|x64
		{F174816E-BE0E-49D5-B248-0DF2896DEF4B}.Debug|x64.Build.0 = Debug|x64
		{F174816E-BE0E-49D5-B248-0DF2896DEF4B}.Debug|x86.ActiveCfg = Debug|Win32
		{F174816E-BE0E-49D5-B248-0DF2896DEF4B}.Debug|x86.Build.0 = Debug|Win32
		{F174816E-BE0E-49D5-B248-0DF2896DEF4B}.Release|x64.ActiveCfg = Release|x64
		{F174816E-BE0E-49D5-B248-0DF2896DEF4B}.Release|x64.Build.0 = Release|x64
		{F174816E-BE0E-49D5-B248-0DF2896DEF4B}.Release|x86.ActiveCfg = Release|Win32
		{F174816E-BE0E-49D5-B248-0DF2896DEF4B}.Release|x86.Build.0 = Release|Win32
		{0295361E-15AA-4454-BC4D-0D7D7EE8A735}.Debug|x64.ActiveCfg = Debug|x64
		{0295361E-15AA-4454-BC4D-0D7D7EE8A735}.Debug|x64.Build.0 = Debug|x64
		{0295361E-15AA-4454-BC4D-0D7D7EE8A735}.Debug|x86.ActiveCfg = Debug|Win32
		{0295361E-15AA-4454-BC4D-0D7D7EE8A735}.Debug|x86.Build.0 = Debug|Win32
		{0295361E-15AA-4454-BC4D-0D7D7EE8A735}.Release|x64.ActiveCfg = Release|x64
		{0295361E-15AA-4454-BC4D-0D7D7EE8A735}.Release|x64.Build.0 = Release|x64
		{0295361E-15AA-4454-BC4D-0D7D7EE8A735}.Release|x86.ActiveCfg = Release|Win32
		{0295361E-15AA-4454-BC4D-0D7D7EE8A735}.Release|x86.Build.0 = Release|Win32
		{74F131F6-9547-46BC-A78C-B4D35C603A0A}.Debug|x64.ActiveCfg = Debug|x64
		{74F131F6-9547-46BC-A78C-B4D35C603A0A}.Debug|x64.Build.0 = Debug|x64
		{74F131F6-9547-46BC-A78C-B4D35C603A0A}.Debug|x86.ActiveCfg = Debug|Win32
		{74F131F6-9547-46BC-A78C-B4D35C603A0A}.Debug|x86.Build.0 = Debug|Win32
		{74F131F6-9547-46BC-A78C-B4D35C603A0A}.Release|x64.ActiveCfg = Release|x64
		{74F131F6-9547-46BC-A78C-B4D35C603A0A}.Release|x64.Build.0 = Release|x64
		{74F131F6-9547-46BC-A78C-B4D35C603A0A}.Release|x86.ActiveCfg = Release|Win32
		{74F131F6-9547-46BC-A78C-B4D35C603A0A}.Release|x86.Build.0 = Release|Win32
		{DC77DA2B-6547-48FB-958E-CD50792E4803}.Debug|x64.ActiveCfg = Debug|x64
		{DC77DA2B-6547-48FB-958E-CD50792E4803}.Debug|x64.Build.0 = Debug|x64
		{DC77DA2B-6547-48FB-958E-CD50792E4803}.Debug|x86.ActiveCfg = Debug|Win32
		{DC77DA2B-6547-48FB-958E-CD50792E4803}.Debug|x86.Build.0 = Debug|Win32
		{DC77DA2B-6547-48FB-958E-CD50792E4803}.Release|x64.ActiveCfg = Release|x64
		{DC77DA2B-6547-48FB-958E-CD50792E4803}.Release|x64.Build.0 = Release|x64
		{DC77DA2B-6547-48FB-958E-CD50792E4803}.Release|x86.ActiveCfg = Release|Win32
		{DC77DA2B-6547-48FB-958E-CD50792E4803}.Release|x86.Build.0 = Release|Win32
		{124DEB1E-DEDB-46CC-A496-A65534B84A48}.Debug|x64.ActiveCfg = Debug|x64
		{124DEB1E-DEDB-46CC-A496-A65534B84A48}.Debug|x64.Build.0 = Debug|x64
		{124DEB1E-DEDB-46CC-A496-A65534B84A48}.Debug|x86.ActiveCfg = Debug|Win32
		{124DEB1E-DEDB-46CC-A496-A65534B84A48}.Debug|x86.Build.0 = Debug|Win32
		{124DEB1E-DEDB-46CC-A496-A65534B84A48}.Release|x64.ActiveCfg = Release|x64
		{124DEB1E-DEDB-46CC-A496-A65534B84A48}.Release|x64.Build.0 = Release|x64
		{124DEB1E-DEDB-46CC-A496-A65534B84A48}.Release|x86.ActiveCfg = Release|Win32
		{124DEB1E-DEDB-46CC-A496-A65534B84A48}.Release|x86.Build.0 = Release|Win32
		{F86A6FCE-4BCE-416A-8C7F-7133B493083C}.Debug|x64.ActiveCfg = Debug|x64
		{F86A6FCE-4BCE-416A-8C7F-7133B493083C}.Debug|x64.Build.0 = Debug|x64
		{F86A6FCE-4BCE-416A-8C7F-7133B493083C}.Debug|x86.ActiveCfg = Debug|Win32
		{F86A6FCE-4BCE-416A-8C7F-7133B493083C}.Debug|x86.Build.0 = Debug|Win32
		{F86A6FCE-4BCE-416A-8C7F-7133B493083C}.Release|x64.ActiveCfg = Release|x64
		{F86A6FCE-4BCE-416A-8C7F-7133B493083C}.Release|x64.Build.0 = Release|x64
		{F86A6FCE-4BCE-416A-8C7F-7133B493083C}.Release|x86.ActiveCfg = Release|Win32
		{F86A6FCE-4BCE-416A-8C7F-7133B493083C}.Release|x86.Build.0 = Release|Win32
		{8D8A28FD-ED1B-4BDB-AF4F-ED2DD2D36FE8}.Debug|x64.ActiveCfg = Debug|x64
		{8D8A28FD-ED1B-4BDB-AF4F-ED2DD2D36FE8}.Debug|x64.Build.0 = Debug|x64
		{8D8A28FD-ED1B-4BDB-AF4F-ED2DD2D36FE8}.Debug|x86.ActiveCfg = Debug|Win32
		{8D8A28FD-ED1B-4BDB-AF4F-ED2DD2D36FE8}.Debug|x86.Build.0 = Debug|Win32
		{8D8A28FD-ED1B-4BDB-AF4F-ED2DD2D36FE8}.Release|x64.ActiveCfg = Release|x64
		{8D8A28FD-ED1B-4BDB-AF4F-ED2DD2D36FE8}.Release|x64.Build.0 = Release|x64
		{8D8A28FD-ED1B-4BDB-AF4F-ED2DD2D36FE8}.Release|x86.ActiveCfg = Release|Win32
		{8D8A28FD-ED1B-4BDB-AF4F-ED2DD2D36FE8}.Release|x86.Build.0 = Release|Win32
		{ED8205A5-4C4E-4FD5-912F-CA271A5DAB24}.Debug|x64.ActiveCfg = Debug|x64
		{ED8205A5-4C4E-4FD5-912F-CA271A5DAB24}.Debug|x64.Build.0 = Debug|x64
		{ED8205A5-4C4E-4FD5-912F-CA271A5DAB24}.Debug|x86.ActiveCfg = Debug|Win32
		{ED8205A5-4C4E-4FD5-912F-CA271A5DAB24}.Debug|x86.Build.0 = Debug|Win32
		{ED8205A5-4C4E-4FD5-912F-CA271A5DAB24}.Release|x64.ActiveCfg = Release|x64
		{ED8205A5-4C4E-4FD5-912F-CA271A5DAB24}.Release|x64.Build.0 = Release|x64
		{ED8205A5-4C4E-4FD5-912F-CA271A5DAB24}.Release|x86.ActiveCfg = Release|Win32
		{ED8205A5-4C4E-4FD5-912F-CA271A5DAB24}.Release|x86.Build.0 = Release|Win32
		{B0D08A79-9FE7-42CC-AF13-D78D1F1D5DE0}.Debug|x64.ActiveCfg = Debug|x64
		{B0D08A79-9FE7-42CC-AF13-D78D1F1D5DE0}.Debug|x64.Build.0 = Debug|x64
		{B0D08A79-9FE7-42CC-AF13-D78D1F1D5DE0}.Debug|x86.ActiveCfg = Debug|Win32
		{B0D08A79-9FE7-42CC-AF13-D78D1F1D5DE0}.Debug|x86.Build.0 = Debug|Win32
		{B0D08A79-9FE7-42CC-AF13-D78D1F1D5DE0}.Release|x64.ActiveCfg = Release|x64
		{B0D08A79-9FE7-42CC-AF13-D78D1F1D5DE0}.Release|x64.Build.0 = Release|x64
		{B0D08A79-9FE7-42CC-AF13-D78D1F1D5DE0}.Release|x86.ActiveCfg = Release|Win32
		{B0D08A79-9FE7-42CC-AF13-D78D1F1D5DE0}.Release|x86.Build.0 = Release|Win32
		{35F57C28-0909-431F-B2F1-8D940092801C}.Debug|x64.ActiveCfg = Debug|x64
		{35F57C28-0909-431F-B2F1-8D940092801C}.Debug|x64.Build.0 = Debug|x64
		{35F57C28-0909-431F-B2F1-8D940092801C}.Debug|x86.ActiveCfg = Debug|Win32
		{35F57C28-0909-431F-B2F1-8D940092801C}.Debug|x86.Build.0 = Debug|Win32
		{35F57C28-0909-431F-B2F1-8D940092801C}.Release|x64.ActiveCfg = Release|x64
		{35F57C28-0909-431F-B2F1-8D940092801C}.Release|x64.Build.0 = Release|x64
		{35F57C28-0909-431F-B2F1-8D940092801C}.Release|x86.ActiveCfg = Release|Win32
		{35F57C28-0909-431F-B2F1-8D940092801C}.Release|x86.Build.0 = Release|Win32
		{F41AE607-E62A-4818-89FA-1B7B2D7995C7}.Debug|x64.ActiveCfg = Debug|x64
		{F41AE607-E62A-4818-89FA-1B7B2D7995C7}.Debug|x64.Build.0 = Debug|x64
		{F41AE607-E62A-4818-89FA-1B7B2D7995C7}.Debug|x86.ActiveCfg = Debug|Win32
		{F41AE607-E62A-4818-89FA-1B7B2D7995C7}.Debug|x86.Build.0 = Debug|Win32
		{F41AE607-E62A-4818-89FA-1B7B2D7995C7}.Release|x64.ActiveCfg = Release|x64
		{F41AE607-E62A-4818-89FA-1B7B2D7995C7}.Release|x64.Build.0 = Release|x64
		{F41AE607-E62A-4818-89FA-1B7B2D7995C7}.Release|x86.ActiveCfg = Release|Win32
		{F41AE607-E62A-4818-89FA-1B7B2D7995C7}.Release|x86.Build.0 = Release|Win32
	EndGlobalSection
	GlobalSection(SolutionProperties) = preSolution
		HideSolutionNode = FALSE
	EndGlobalSection
	GlobalSection(ExtensibilityGlobals) = postSolution
		SolutionGuid = {61B0398E-34A8-4DEC-8B4F-3E041B049F7D}
	EndGlobalSection
EndGlobal
